
Microsoft Visual Studio Solution File, Format Version 12.00
# Visual Studio Version 17
VisualStudioVersion = 17.10.35027.167
MinimumVisualStudioVersion = 10.0.40219.1
Project("{FAE04EC0-301F-11D3-BF4B-00C04F79EFBC}") = "DemoWebApp7292", "DemoWebApp7292\DemoWebApp7292.csproj", "{8CF48CE3-54B1-4C8C-A8A3-88AA3C508794}"
EndProject
Global
	GlobalSection(SolutionConfigurationPlatforms) = preSolution
		Debug|Any CPU = Debug|Any CPU
		Release|Any CPU = Release|Any CPU
	EndGlobalSection
	GlobalSection(ProjectConfigurationPlatforms) = postSolution
		{8CF48CE3-54B1-4C8C-A8A3-88AA3C508794}.Debug|Any CPU.ActiveCfg = Debug|Any CPU
		{8CF48CE3-54B1-4C8C-A8A3-88AA3C508794}.Debug|Any CPU.Build.0 = Debug|Any CPU
		{8CF48CE3-54B1-4C8C-A8A3-88AA3C508794}.Release|Any CPU.ActiveCfg = Release|Any CPU
		{8CF48CE3-54B1-4C8C-A8A3-88AA3C508794}.Release|Any CPU.Build.0 = Release|Any CPU
	EndGlobalSection
	GlobalSection(SolutionProperties) = preSolution
		HideSolutionNode = FALSE
	EndGlobalSection
	GlobalSection(ExtensibilityGlobals) = postSolution
		SolutionGuid = {0140DCE1-625C-4C69-BD01-5230A2470783}
	EndGlobalSection
EndGlobal
